
Microsoft Visual Studio Solution File, Format Version 12.00
# Visual Studio Version 18
VisualStudioVersion = 18.3.11206.111
MinimumVisualStudioVersion = 10.0.40219.1
Project("{FAE04EC0-301F-11D3-BF4B-00C04F79EFBC}") = "Module1_Task1_ConsoleApp", "Module1_Task1_ConsoleApp\Module1_Task1_ConsoleApp.csproj", "{22CEF9B3-B134-44E6-AD27-3970A08D08B5}"
EndProject
Project("{FAE04EC0-301F-11D3-BF4B-00C04F79EFBC}") = "Madule1_Task1_WinFormsApp", "Madule1_Task1_WinFormsApp\Madule1_Task1_WinFormsApp.csproj", "{492FFF40-13B5-4628-8F34-C34E6180EE7C}"
EndProject
Project("{FAE04EC0-301F-11D3-BF4B-00C04F79EFBC}") = "Madule1_Task1_WPF", "Madule1_Task1_WPF\Madule1_Task1_WPF.csproj", "{9768D1EA-0953-4D64-9A40-ECB5CFD7FB2C}"
EndProject
Project("{FAE04EC0-301F-11D3-BF4B-00C04F79EFBC}") = "Madule1_Task1_ClassLibrary", "Madule1_Task1_ClassLibrary\Madule1_Task1_ClassLibrary.csproj", "{EB16D26E-09CC-426C-BDA7-6145F8165E43}"
EndProject
Project("{FAE04EC0-301F-11D3-BF4B-00C04F79EFBC}") = "Module2_Task1", "Module2_Task1\Module2_Task1.csproj", "{927ECA94-8D75-D895-C3A4-9BC8242E2C1F}"
EndProject
Project("{FAE04EC0-301F-11D3-BF4B-00C04F79EFBC}") = "Module2_Task1.Tests", "Module2_Task1.Tests\Module2_Task1.Tests.csproj", "{C3EB2BC9-187F-0628-C2CA-4081AB2E588B}"
EndProject
Project("{FAE04EC0-301F-11D3-BF4B-00C04F79EFBC}") = "Module3_ClassLibrary", "Module3\Module3_ClassLibrary.csproj", "{1966029A-B569-48F3-BDCD-6423C48C04C9}"
EndProject
Project("{FAE04EC0-301F-11D3-BF4B-00C04F79EFBC}") = "Module3_ClassLibrary.Tests", "Module3_ClassLibrary.Tests\Module3_ClassLibrary.Tests.csproj", "{F04ECCD4-AA55-46E0-9D65-0169AB753B3C}"
EndProject
Project("{2150E333-8FDC-42A3-9474-1A3956D46DE8}") = "Module-4", "Module-4", "{02EA681E-C7D8-13C7-8484-4AC65E1B71E8}"
EndProject
Project("{FAE04EC0-301F-11D3-BF4B-00C04F79EFBC}") = "Task1", "Module-4\Task1\Task1.csproj", "{A2E63681-F7C0-4F65-1F86-9469F55D1A3E}"
EndProject
Project("{FAE04EC0-301F-11D3-BF4B-00C04F79EFBC}") = "Task2", "Module-4\Task2\Task2.csproj", "{02245834-D22D-B1AC-6BAE-F3FD6A2638B4}"
EndProject
Project("{FAE04EC0-301F-11D3-BF4B-00C04F79EFBC}") = "Task2.Tests", "Module-4\Task2.Tests\Task2.Tests.csproj", "{AB32DC86-CE51-F038-E831-92FC2F7A30DB}"
EndProject
Project("{FAE04EC0-301F-11D3-BF4B-00C04F79EFBC}") = "Task3", "Module-4\Task3\Task3.csproj", "{7C56F7D3-88D2-2B7B-21DD-32BBACD089F3}"
EndProject
Project("{FAE04EC0-301F-11D3-BF4B-00C04F79EFBC}") = "Task3.Tests", "Module-4\Task3.Tests\Task3.Tests.csproj", "{79F03B02-6EB1-D880-8A71-E3939B608757}"
EndProject
Project("{2150E333-8FDC-42A3-9474-1A3956D46DE8}") = "Module-5", "Module-5", "{66A041FC-3284-4631-B8A9-D5B33C0233DB}"
EndProject
Project("{FAE04EC0-301F-11D3-BF4B-00C04F79EFBC}") = "AttributeDemonstration", "AttributeDemonstration\AttributeDemonstration.csproj", "{BB5D0F3D-13C8-4297-894D-BE253AFF1643}"
EndProject
Project("{FAE04EC0-301F-11D3-BF4B-00C04F79EFBC}") = "ReflectionClassLibrary", "ReflectionClassLibrary\ReflectionClassLibrary.csproj", "{A5037E83-AABD-43FB-AE57-8D4581AEDD22}"
EndProject
Project("{2150E333-8FDC-42A3-9474-1A3956D46DE8}") = "Module-6", "Module-6", "{DDFE1203-A76F-415D-8F1E-2DE3BDE407DA}"
EndProject
Project("{FAE04EC0-301F-11D3-BF4B-00C04F79EFBC}") = "DataStructures.Tasks", "Module-6\DataStructures.Tasks\DataStructures.Tasks.csproj", "{8CAFFCBC-0C62-D524-D45A-B08DF5BC78C6}"
EndProject
Project("{FAE04EC0-301F-11D3-BF4B-00C04F79EFBC}") = "DataStructures.Tasks.Tests", "Module-6\DataStructures.Tasks.Tests\DataStructures.Tasks.Tests.csproj", "{493419C4-D1A6-A4DE-7062-F02E377E4D44}"
EndProject
Project("{2150E333-8FDC-42A3-9474-1A3956D46DE8}") = "Module-7", "Module-7", "{87C14855-6867-4C17-A0E7-769532FB3BD6}"
EndProject
Project("{FAE04EC0-301F-11D3-BF4B-00C04F79EFBC}") = "UnitTestingClassLibraryHarryPotter", "Module-7\UnitTestingClassLibraryHarryPotter\UnitTestingClassLibraryHarryPotter.csproj", "{B6B70721-DECA-7910-7466-8F174C175C3D}"
EndProject
Project("{FAE04EC0-301F-11D3-BF4B-00C04F79EFBC}") = "UnitTestingClassLibraryOddEven", "Module-7\UnitTestingClassLibraryOddEven\UnitTestingClassLibraryOddEven.csproj", "{A24C23AA-857C-E9C3-C0E0-B71294B8B190}"
EndProject
Project("{FAE04EC0-301F-11D3-BF4B-00C04F79EFBC}") = "UnitTestingClassLibraryGameOfLife", "Module-7\UnitTestingClassLibraryGameOfLife\UnitTestingClassLibraryGameOfLife.csproj", "{ABC83B78-4F3D-4621-AC46-A48D2F1023A7}"
EndProject
Project("{FAE04EC0-301F-11D3-BF4B-00C04F79EFBC}") = "UnitTestingClassLibraryGameOfLife.Tests", "Module-7\UnitTestingClassLibraryGameOfLife.Tests\UnitTestingClassLibraryGameOfLife.Tests.csproj", "{CE537EE3-F519-B95C-313D-B58E2D487131}"
EndProject
Project("{FAE04EC0-301F-11D3-BF4B-00C04F79EFBC}") = "UnitTestingClassLibraryHarryPotter.Tests", "Module-7\UnitTestingClassLibraryHarryPotter.Tests\UnitTestingClassLibraryHarryPotter.Tests.csproj", "{290FE22D-2E79-43D9-A16D-73DEE2A1AE15}"
EndProject
Project("{FAE04EC0-301F-11D3-BF4B-00C04F79EFBC}") = "UnitTestingClassLibraryOddEven.Tests", "Module-7\UnitTestingClassLibraryOddEven.Tests\UnitTestingClassLibraryOddEven.Tests.csproj", "{92B5C098-C297-4F7F-9387-8302A5D39178}"
EndProject
Project("{00D1A9C2-B5F0-4AF3-8072-F6C62B433612}") = "Database_Module_8", "Database_Module_8\Database_Module_8.sqlproj", "{8C63E5A5-453D-475C-A6C1-97765862B532}"
EndProject
Project("{FAE04EC0-301F-11D3-BF4B-00C04F79EFBC}") = "Database_TestProject_Module_8", "Database_TestProject_Module_8\Database_TestProject_Module_8.csproj", "{7EB494DA-70D7-4418-BA05-2B670862F98E}"
EndProject
Project("{2150E333-8FDC-42A3-9474-1A3956D46DE8}") = "Module-9", "Module-9", "{C08851F1-EB5B-445A-9EDA-9F3AE51EDCEF}"
EndProject
Project("{FAE04EC0-301F-11D3-BF4B-00C04F79EFBC}") = "BrainstormSessions", "Module-9\BrainstormSessions\BrainstormSessions.csproj", "{39AC0AA7-8279-4423-A3F7-B0D89C5B3AAE}"
EndProject
Project("{FAE04EC0-301F-11D3-BF4B-00C04F79EFBC}") = "BrainstormSessions.Test", "Module-9\BrainstormSessions.Test\BrainstormSessions.Test.csproj", "{BB121C40-02E7-D25D-7146-AF816C323521}"
EndProject
Project("{2150E333-8FDC-42A3-9474-1A3956D46DE8}") = "Module-10", "Module-10", "{3FCC694A-8671-46A1-A80D-8AF6285575D3}"
EndProject
Project("{FAE04EC0-301F-11D3-BF4B-00C04F79EFBC}") = "ConsoleAppBinarySerialization", "Module-10\ConsoleAppBinarySerialization\ConsoleAppBinarySerialization.csproj", "{D4B0E988-AC76-4419-BEDC-D14502C184FC}"
EndProject
Project("{FAE04EC0-301F-11D3-BF4B-00C04F79EFBC}") = "ConsoleAppXMLSerialization", "Module-10\ConsoleAppXMLSerialization\ConsoleAppXMLSerialization.csproj", "{AD5CDD7F-1092-4836-9A29-CE03521DD136}"
EndProject
Project("{FAE04EC0-301F-11D3-BF4B-00C04F79EFBC}") = "ConsoleAppCustomBinarySerialization", "Module-10\ConsoleAppCustomBinarySerialization\ConsoleAppCustomBinarySerialization.csproj", "{7EDDA45F-22E4-7F76-A268-373B76171282}"
EndProject
Project("{FAE04EC0-301F-11D3-BF4B-00C04F79EFBC}") = "ConsoleAppJsonSerialization", "Module-10\ConsoleAppJsonSerialization\ConsoleAppJsonSerialization.csproj", "{F2D1D27C-C2A5-87A8-2684-618C64AD01D2}"
EndProject
Project("{FAE04EC0-301F-11D3-BF4B-00C04F79EFBC}") = "ConsoleAppDeepClone", "Module-10\ConsoleAppDeepClone\ConsoleAppDeepClone.csproj", "{3A8F59EC-83FE-C795-2677-037CDEBB1E28}"
EndProject
Project("{2150E333-8FDC-42A3-9474-1A3956D46DE8}") = "Module-11", "Module-11", "{E6980F4B-4B1D-4533-88CF-73C149229AE7}"
EndProject
Project("{FAE04EC0-301F-11D3-BF4B-00C04F79EFBC}") = "FileCabinetClassLibrary", "Module-11\FileCabinetClassLibrary\FileCabinetClassLibrary.csproj", "{CC1D3F78-DA73-4420-AC5E-C4F78D7E352F}"
EndProject
Project("{FAE04EC0-301F-11D3-BF4B-00C04F79EFBC}") = "FileCabinetClassLibrary.Tests", "Module-11\FileCabinetClassLibrary.Tests\FileCabinetClassLibrary.Tests.csproj", "{7D8F92EB-7ACE-4BEE-BC80-CF56FA885664}"
EndProject
Project("{2150E333-8FDC-42A3-9474-1A3956D46DE8}") = "Module-12", "Module-12", "{3A958975-3840-4D5D-B6A8-1168FDAE7CF6}"
EndProject
Project("{FAE04EC0-301F-11D3-BF4B-00C04F79EFBC}") = "LinqTask", "Module-12\LinqTask\LinqTask.csproj", "{251D428B-BA07-2A78-EDA3-FF4F2648ECDB}"
EndProject
Project("{FAE04EC0-301F-11D3-BF4B-00C04F79EFBC}") = "LinqTask.Tests", "Module-12\TaskLinq.Tests\LinqTask.Tests.csproj", "{169FC982-B64F-793C-1ABF-1AD5F6BF0F13}"
EndProject
Project("{2150E333-8FDC-42A3-9474-1A3956D46DE8}") = "Module-13", "Module-13", "{69279EE8-231D-431B-80C3-6C27B8AEB3BC}"
EndProject
Project("{FAE04EC0-301F-11D3-BF4B-00C04F79EFBC}") = "AdoNetLibrary", "Module-13\AdoNetLibrary\AdoNetLibrary.csproj", "{B9A59EA4-074B-46A2-B2C6-E86B090223EF}"
EndProject
Project("{FAE04EC0-301F-11D3-BF4B-00C04F79EFBC}") = "AdoNetLibrary.Tests", "Module-13\AdoNetLibrary.Tests\AdoNetLibrary.Tests.csproj", "{F3AF29E1-1E89-9B86-6ECC-5E65DB7A7980}"
EndProject
Project("{2150E333-8FDC-42A3-9474-1A3956D46DE8}") = "Module-14", "Module-14", "{D3DAE14F-5BF6-4181-A24F-3DA1FB3D7002}"
EndProject
Project("{FAE04EC0-301F-11D3-BF4B-00C04F79EFBC}") = "DapperLibrary", "Module-14\DapperLibrary\DapperLibrary.csproj", "{7DEC2F2F-B181-4C21-9DAF-14693FCA266A}"
EndProject
Project("{FAE04EC0-301F-11D3-BF4B-00C04F79EFBC}") = "EFLibrary", "Module-14\EFLibrary\EFLibrary.csproj", "{957FB7C6-DE20-1211-C804-B52EF98A44EA}"
EndProject
Project("{FAE04EC0-301F-11D3-BF4B-00C04F79EFBC}") = "DapperLibrary.Tests", "Module-14\DapperLibrary.Tests\DapperLibrary.Tests.csproj", "{9BEF1E75-BF2A-AABF-4F14-0D6D499359EC}"
EndProject
Project("{FAE04EC0-301F-11D3-BF4B-00C04F79EFBC}") = "EFLibrary.Tests", "Module-14\EFLibrary.Tests\EFLibrary.Tests.csproj", "{EC31EF90-D59C-91D6-2792-83E8FFC76524}"
EndProject
Project("{FAE04EC0-301F-11D3-BF4B-00C04F79EFBC}") = "InfrastructureLibraryAdoEfDapper", "InfrastructureLibraryAdoEfDapper\InfrastructureLibraryAdoEfDapper.csproj", "{EA1D7FD7-7E53-4773-80F2-A46733587A77}"
EndProject
Global
	GlobalSection(SolutionConfigurationPlatforms) = preSolution
		Debug|Any CPU = Debug|Any CPU
		Release|Any CPU = Release|Any CPU
	EndGlobalSection
	GlobalSection(ProjectConfigurationPlatforms) = postSolution
		{22CEF9B3-B134-44E6-AD27-3970A08D08B5}.Debug|Any CPU.ActiveCfg = Debug|Any CPU
		{22CEF9B3-B134-44E6-AD27-3970A08D08B5}.Debug|Any CPU.Build.0 = Debug|Any CPU
		{22CEF9B3-B134-44E6-AD27-3970A08D08B5}.Release|Any CPU.ActiveCfg = Release|Any CPU
		{22CEF9B3-B134-44E6-AD27-3970A08D08B5}.Release|Any CPU.Build.0 = Release|Any CPU
		{492FFF40-13B5-4628-8F34-C34E6180EE7C}.Debug|Any CPU.ActiveCfg = Debug|Any CPU
		{492FFF40-13B5-4628-8F34-C34E6180EE7C}.Debug|Any CPU.Build.0 = Debug|Any CPU
		{492FFF40-13B5-4628-8F34-C34E6180EE7C}.Release|Any CPU.ActiveCfg = Release|Any CPU
		{492FFF40-13B5-4628-8F34-C34E6180EE7C}.Release|Any CPU.Build.0 = Release|Any CPU
		{9768D1EA-0953-4D64-9A40-ECB5CFD7FB2C}.Debug|Any CPU.ActiveCfg = Debug|Any CPU
		{9768D1EA-0953-4D64-9A40-ECB5CFD7FB2C}.Debug|Any CPU.Build.0 = Debug|Any CPU
		{9768D1EA-0953-4D64-9A40-ECB5CFD7FB2C}.Release|Any CPU.ActiveCfg = Release|Any CPU
		{9768D1EA-0953-4D64-9A40-ECB5CFD7FB2C}.Release|Any CPU.Build.0 = Release|Any CPU
		{EB16D26E-09CC-426C-BDA7-6145F8165E43}.Debug|Any CPU.ActiveCfg = Debug|Any CPU
		{EB16D26E-09CC-426C-BDA7-6145F8165E43}.Debug|Any CPU.Build.0 = Debug|Any CPU
		{EB16D26E-09CC-426C-BDA7-6145F8165E43}.Release|Any CPU.ActiveCfg = Release|Any CPU
		{EB16D26E-09CC-426C-BDA7-6145F8165E43}.Release|Any CPU.Build.0 = Release|Any CPU
		{927ECA94-8D75-D895-C3A4-9BC8242E2C1F}.Debug|Any CPU.ActiveCfg = Debug|Any CPU
		{927ECA94-8D75-D895-C3A4-9BC8242E2C1F}.Debug|Any CPU.Build.0 = Debug|Any CPU
		{927ECA94-8D75-D895-C3A4-9BC8242E2C1F}.Release|Any CPU.ActiveCfg = Release|Any CPU
		{927ECA94-8D75-D895-C3A4-9BC8242E2C1F}.Release|Any CPU.Build.0 = Release|Any CPU
		{C3EB2BC9-187F-0628-C2CA-4081AB2E588B}.Debug|Any CPU.ActiveCfg = Debug|Any CPU
		{C3EB2BC9-187F-0628-C2CA-4081AB2E588B}.Debug|Any CPU.Build.0 = Debug|Any CPU
		{C3EB2BC9-187F-0628-C2CA-4081AB2E588B}.Release|Any CPU.ActiveCfg = Release|Any CPU
		{C3EB2BC9-187F-0628-C2CA-4081AB2E588B}.Release|Any CPU.Build.0 = Release|Any CPU
		{1966029A-B569-48F3-BDCD-6423C48C04C9}.Debug|Any CPU.ActiveCfg = Debug|Any CPU
		{1966029A-B569-48F3-BDCD-6423C48C04C9}.Debug|Any CPU.Build.0 = Debug|Any CPU
		{1966029A-B569-48F3-BDCD-6423C48C04C9}.Release|Any CPU.ActiveCfg = Release|Any CPU
		{1966029A-B569-48F3-BDCD-6423C48C04C9}.Release|Any CPU.Build.0 = Release|Any CPU
		{F04ECCD4-AA55-46E0-9D65-0169AB753B3C}.Debug|Any CPU.ActiveCfg = Debug|Any CPU
		{F04ECCD4-AA55-46E0-9D65-0169AB753B3C}.Debug|Any CPU.Build.0 = Debug|Any CPU
		{F04ECCD4-AA55-46E0-9D65-0169AB753B3C}.Release|Any CPU.ActiveCfg = Release|Any CPU
		{F04ECCD4-AA55-46E0-9D65-0169AB753B3C}.Release|Any CPU.Build.0 = Release|Any CPU
		{A2E63681-F7C0-4F65-1F86-9469F55D1A3E}.Debug|Any CPU.ActiveCfg = Debug|Any CPU
		{A2E63681-F7C0-4F65-1F86-9469F55D1A3E}.Debug|Any CPU.Build.0 = Debug|Any CPU
		{A2E63681-F7C0-4F65-1F86-9469F55D1A3E}.Release|Any CPU.ActiveCfg = Release|Any CPU
		{A2E63681-F7C0-4F65-1F86-9469F55D1A3E}.Release|Any CPU.Build.0 = Release|Any CPU
		{02245834-D22D-B1AC-6BAE-F3FD6A2638B4}.Debug|Any CPU.ActiveCfg = Debug|Any CPU
		{02245834-D22D-B1AC-6BAE-F3FD6A2638B4}.Debug|Any CPU.Build.0 = Debug|Any CPU
		{02245834-D22D-B1AC-6BAE-F3FD6A2638B4}.Release|Any CPU.ActiveCfg = Release|Any CPU
		{02245834-D22D-B1AC-6BAE-F3FD6A2638B4}.Release|Any CPU.Build.0 = Release|Any CPU
		{AB32DC86-CE51-F038-E831-92FC2F7A30DB}.Debug|Any CPU.ActiveCfg = Debug|Any CPU
		{AB32DC86-CE51-F038-E831-92FC2F7A30DB}.Debug|Any CPU.Build.0 = Debug|Any CPU
		{AB32DC86-CE51-F038-E831-92FC2F7A30DB}.Release|Any CPU.ActiveCfg = Release|Any CPU
		{AB32DC86-CE51-F038-E831-92FC2F7A30DB}.Release|Any CPU.Build.0 = Release|Any CPU
		{7C56F7D3-88D2-2B7B-21DD-32BBACD089F3}.Debug|Any CPU.ActiveCfg = Debug|Any CPU
		{7C56F7D3-88D2-2B7B-21DD-32BBACD089F3}.Debug|Any CPU.Build.0 = Debug|Any CPU
		{7C56F7D3-88D2-2B7B-21DD-32BBACD089F3}.Release|Any CPU.ActiveCfg = Release|Any CPU
		{7C56F7D3-88D2-2B7B-21DD-32BBACD089F3}.Release|Any CPU.Build.0 = Release|Any CPU
		{79F03B02-6EB1-D880-8A71-E3939B608757}.Debug|Any CPU.ActiveCfg = Debug|Any CPU
		{79F03B02-6EB1-D880-8A71-E3939B608757}.Debug|Any CPU.Build.0 = Debug|Any CPU
		{79F03B02-6EB1-D880-8A71-E3939B608757}.Release|Any CPU.ActiveCfg = Release|Any CPU
		{79F03B02-6EB1-D880-8A71-E3939B608757}.Release|Any CPU.Build.0 = Release|Any CPU
		{BB5D0F3D-13C8-4297-894D-BE253AFF1643}.Debug|Any CPU.ActiveCfg = Debug|Any CPU
		{BB5D0F3D-13C8-4297-894D-BE253AFF1643}.Debug|Any CPU.Build.0 = Debug|Any CPU
		{BB5D0F3D-13C8-4297-894D-BE253AFF1643}.Release|Any CPU.ActiveCfg = Release|Any CPU
		{BB5D0F3D-13C8-4297-894D-BE253AFF1643}.Release|Any CPU.Build.0 = Release|Any CPU
		{A5037E83-AABD-43FB-AE57-8D4581AEDD22}.Debug|Any CPU.ActiveCfg = Debug|Any CPU
		{A5037E83-AABD-43FB-AE57-8D4581AEDD22}.Debug|Any CPU.Build.0 = Debug|Any CPU
		{A5037E83-AABD-43FB-AE57-8D4581AEDD22}.Release|Any CPU.ActiveCfg = Release|Any CPU
		{A5037E83-AABD-43FB-AE57-8D4581AEDD22}.Release|Any CPU.Build.0 = Release|Any CPU
		{8CAFFCBC-0C62-D524-D45A-B08DF5BC78C6}.Debug|Any CPU.ActiveCfg = Debug|Any CPU
		{8CAFFCBC-0C62-D524-D45A-B08DF5BC78C6}.Debug|Any CPU.Build.0 = Debug|Any CPU
		{8CAFFCBC-0C62-D524-D45A-B08DF5BC78C6}.Release|Any CPU.ActiveCfg = Release|Any CPU
		{8CAFFCBC-0C62-D524-D45A-B08DF5BC78C6}.Release|Any CPU.Build.0 = Release|Any CPU
		{493419C4-D1A6-A4DE-7062-F02E377E4D44}.Debug|Any CPU.ActiveCfg = Debug|Any CPU
		{493419C4-D1A6-A4DE-7062-F02E377E4D44}.Debug|Any CPU.Build.0 = Debug|Any CPU
		{493419C4-D1A6-A4DE-7062-F02E377E4D44}.Release|Any CPU.ActiveCfg = Release|Any CPU
		{493419C4-D1A6-A4DE-7062-F02E377E4D44}.Release|Any CPU.Build.0 = Release|Any CPU
		{B6B70721-DECA-7910-7466-8F174C175C3D}.Debug|Any CPU.ActiveCfg = Debug|Any CPU
		{B6B70721-DECA-7910-7466-8F174C175C3D}.Debug|Any CPU.Build.0 = Debug|Any CPU
		{B6B70721-DECA-7910-7466-8F174C175C3D}.Release|Any CPU.ActiveCfg = Release|Any CPU
		{B6B70721-DECA-7910-7466-8F174C175C3D}.Release|Any CPU.Build.0 = Release|Any CPU
		{A24C23AA-857C-E9C3-C0E0-B71294B8B190}.Debug|Any CPU.ActiveCfg = Debug|Any CPU
		{A24C23AA-857C-E9C3-C0E0-B71294B8B190}.Debug|Any CPU.Build.0 = Debug|Any CPU
		{A24C23AA-857C-E9C3-C0E0-B71294B8B190}.Release|Any CPU.ActiveCfg = Release|Any CPU
		{A24C23AA-857C-E9C3-C0E0-B71294B8B190}.Release|Any CPU.Build.0 = Release|Any CPU
		{ABC83B78-4F3D-4621-AC46-A48D2F1023A7}.Debug|Any CPU.ActiveCfg = Debug|Any CPU
		{ABC83B78-4F3D-4621-AC46-A48D2F1023A7}.Debug|Any CPU.Build.0 = Debug|Any CPU
		{ABC83B78-4F3D-4621-AC46-A48D2F1023A7}.Release|Any CPU.ActiveCfg = Release|Any CPU
		{ABC83B78-4F3D-4621-AC46-A48D2F1023A7}.Release|Any CPU.Build.0 = Release|Any CPU
		{CE537EE3-F519-B95C-313D-B58E2D487131}.Debug|Any CPU.ActiveCfg = Debug|Any CPU
		{CE537EE3-F519-B95C-313D-B58E2D487131}.Debug|Any CPU.Build.0 = Debug|Any CPU
		{CE537EE3-F519-B95C-313D-B58E2D487131}.Release|Any CPU.ActiveCfg = Release|Any CPU
		{CE537EE3-F519-B95C-313D-B58E2D487131}.Release|Any CPU.Build.0 = Release|Any CPU
		{290FE22D-2E79-43D9-A16D-73DEE2A1AE15}.Debug|Any CPU.ActiveCfg = Debug|Any CPU
		{290FE22D-2E79-43D9-A16D-73DEE2A1AE15}.Debug|Any CPU.Build.0 = Debug|Any CPU
		{290FE22D-2E79-43D9-A16D-73DEE2A1AE15}.Release|Any CPU.ActiveCfg = Release|Any CPU
		{290FE22D-2E79-43D9-A16D-73DEE2A1AE15}.Release|Any CPU.Build.0 = Release|Any CPU
		{92B5C098-C297-4F7F-9387-8302A5D39178}.Debug|Any CPU.ActiveCfg = Debug|Any CPU
		{92B5C098-C297-4F7F-9387-8302A5D39178}.Debug|Any CPU.Build.0 = Debug|Any CPU
		{92B5C098-C297-4F7F-9387-8302A5D39178}.Release|Any CPU.ActiveCfg = Release|Any CPU
		{92B5C098-C297-4F7F-9387-8302A5D39178}.Release|Any CPU.Build.0 = Release|Any CPU
		{8C63E5A5-453D-475C-A6C1-97765862B532}.Debug|Any CPU.ActiveCfg = Debug|Any CPU
		{8C63E5A5-453D-475C-A6C1-97765862B532}.Debug|Any CPU.Build.0 = Debug|Any CPU
		{8C63E5A5-453D-475C-A6C1-97765862B532}.Debug|Any CPU.Deploy.0 = Debug|Any CPU
		{8C63E5A5-453D-475C-A6C1-97765862B532}.Release|Any CPU.ActiveCfg = Release|Any CPU
		{8C63E5A5-453D-475C-A6C1-97765862B532}.Release|Any CPU.Build.0 = Release|Any CPU
		{8C63E5A5-453D-475C-A6C1-97765862B532}.Release|Any CPU.Deploy.0 = Release|Any CPU
		{7EB494DA-70D7-4418-BA05-2B670862F98E}.Debug|Any CPU.ActiveCfg = Debug|Any CPU
		{7EB494DA-70D7-4418-BA05-2B670862F98E}.Debug|Any CPU.Build.0 = Debug|Any CPU
		{7EB494DA-70D7-4418-BA05-2B670862F98E}.Release|Any CPU.ActiveCfg = Release|Any CPU
		{7EB494DA-70D7-4418-BA05-2B670862F98E}.Release|Any CPU.Build.0 = Release|Any CPU
		{39AC0AA7-8279-4423-A3F7-B0D89C5B3AAE}.Debug|Any CPU.ActiveCfg = Debug|Any CPU
		{39AC0AA7-8279-4423-A3F7-B0D89C5B3AAE}.Debug|Any CPU.Build.0 = Debug|Any CPU
		{39AC0AA7-8279-4423-A3F7-B0D89C5B3AAE}.Release|Any CPU.ActiveCfg = Release|Any CPU
		{39AC0AA7-8279-4423-A3F7-B0D89C5B3AAE}.Release|Any CPU.Build.0 = Release|Any CPU
		{BB121C40-02E7-D25D-7146-AF816C323521}.Debug|Any CPU.ActiveCfg = Debug|Any CPU
		{BB121C40-02E7-D25D-7146-AF816C323521}.Debug|Any CPU.Build.0 = Debug|Any CPU
		{BB121C40-02E7-D25D-7146-AF816C323521}.Release|Any CPU.ActiveCfg = Release|Any CPU
		{BB121C40-02E7-D25D-7146-AF816C323521}.Release|Any CPU.Build.0 = Release|Any CPU
		{D4B0E988-AC76-4419-BEDC-D14502C184FC}.Debug|Any CPU.ActiveCfg = Debug|Any CPU
		{D4B0E988-AC76-4419-BEDC-D14502C184FC}.Debug|Any CPU.Build.0 = Debug|Any CPU
		{D4B0E988-AC76-4419-BEDC-D14502C184FC}.Release|Any CPU.ActiveCfg = Release|Any CPU
		{D4B0E988-AC76-4419-BEDC-D14502C184FC}.Release|Any CPU.Build.0 = Release|Any CPU
		{AD5CDD7F-1092-4836-9A29-CE03521DD136}.Debug|Any CPU.ActiveCfg = Debug|Any CPU
		{AD5CDD7F-1092-4836-9A29-CE03521DD136}.Debug|Any CPU.Build.0 = Debug|Any CPU
		{AD5CDD7F-1092-4836-9A29-CE03521DD136}.Release|Any CPU.ActiveCfg = Release|Any CPU
		{AD5CDD7F-1092-4836-9A29-CE03521DD136}.Release|Any CPU.Build.0 = Release|Any CPU
		{7EDDA45F-22E4-7F76-A268-373B76171282}.Debug|Any CPU.ActiveCfg = Debug|Any CPU
		{7EDDA45F-22E4-7F76-A268-373B76171282}.Debug|Any CPU.Build.0 = Debug|Any CPU
		{7EDDA45F-22E4-7F76-A268-373B76171282}.Release|Any CPU.ActiveCfg = Release|Any CPU
		{7EDDA45F-22E4-7F76-A268-373B76171282}.Release|Any CPU.Build.0 = Release|Any CPU
		{F2D1D27C-C2A5-87A8-2684-618C64AD01D2}.Debug|Any CPU.ActiveCfg = Debug|Any CPU
		{F2D1D27C-C2A5-87A8-2684-618C64AD01D2}.Debug|Any CPU.Build.0 = Debug|Any CPU
		{F2D1D27C-C2A5-87A8-2684-618C64AD01D2}.Release|Any CPU.ActiveCfg = Release|Any CPU
		{F2D1D27C-C2A5-87A8-2684-618C64AD01D2}.Release|Any CPU.Build.0 = Release|Any CPU
		{3A8F59EC-83FE-C795-2677-037CDEBB1E28}.Debug|Any CPU.ActiveCfg = Debug|Any CPU
		{3A8F59EC-83FE-C795-2677-037CDEBB1E28}.Debug|Any CPU.Build.0 = Debug|Any CPU
		{3A8F59EC-83FE-C795-2677-037CDEBB1E28}.Release|Any CPU.ActiveCfg = Release|Any CPU
		{3A8F59EC-83FE-C795-2677-037CDEBB1E28}.Release|Any CPU.Build.0 = Release|Any CPU
		{CC1D3F78-DA73-4420-AC5E-C4F78D7E352F}.Debug|Any CPU.ActiveCfg = Debug|Any CPU
		{CC1D3F78-DA73-4420-AC5E-C4F78D7E352F}.Debug|Any CPU.Build.0 = Debug|Any CPU
		{CC1D3F78-DA73-4420-AC5E-C4F78D7E352F}.Release|Any CPU.ActiveCfg = Release|Any CPU
		{CC1D3F78-DA73-4420-AC5E-C4F78D7E352F}.Release|Any CPU.Build.0 = Release|Any CPU
		{7D8F92EB-7ACE-4BEE-BC80-CF56FA885664}.Debug|Any CPU.ActiveCfg = Debug|Any CPU
		{7D8F92EB-7ACE-4BEE-BC80-CF56FA885664}.Debug|Any CPU.Build.0 = Debug|Any CPU
		{7D8F92EB-7ACE-4BEE-BC80-CF56FA885664}.Release|Any CPU.ActiveCfg = Release|Any CPU
		{7D8F92EB-7ACE-4BEE-BC80-CF56FA885664}.Release|Any CPU.Build.0 = Release|Any CPU
		{251D428B-BA07-2A78-EDA3-FF4F2648ECDB}.Debug|Any CPU.ActiveCfg = Debug|Any CPU
		{251D428B-BA07-2A78-EDA3-FF4F2648ECDB}.Debug|Any CPU.Build.0 = Debug|Any CPU
		{251D428B-BA07-2A78-EDA3-FF4F2648ECDB}.Release|Any CPU.ActiveCfg = Release|Any CPU
		{251D428B-BA07-2A78-EDA3-FF4F2648ECDB}.Release|Any CPU.Build.0 = Release|Any CPU
		{169FC982-B64F-793C-1ABF-1AD5F6BF0F13}.Debug|Any CPU.ActiveCfg = Debug|Any CPU
		{169FC982-B64F-793C-1ABF-1AD5F6BF0F13}.Debug|Any CPU.Build.0 = Debug|Any CPU
		{169FC982-B64F-793C-1ABF-1AD5F6BF0F13}.Release|Any CPU.ActiveCfg = Release|Any CPU
		{169FC982-B64F-793C-1ABF-1AD5F6BF0F13}.Release|Any CPU.Build.0 = Release|Any CPU
		{B9A59EA4-074B-46A2-B2C6-E86B090223EF}.Debug|Any CPU.ActiveCfg = Debug|Any CPU
		{B9A59EA4-074B-46A2-B2C6-E86B090223EF}.Debug|Any CPU.Build.0 = Debug|Any CPU
		{B9A59EA4-074B-46A2-B2C6-E86B090223EF}.Release|Any CPU.ActiveCfg = Release|Any CPU
		{B9A59EA4-074B-46A2-B2C6-E86B090223EF}.Release|Any CPU.Build.0 = Release|Any CPU
		{F3AF29E1-1E89-9B86-6ECC-5E65DB7A7980}.Debug|Any CPU.ActiveCfg = Debug|Any CPU
		{F3AF29E1-1E89-9B86-6ECC-5E65DB7A7980}.Debug|Any CPU.Build.0 = Debug|Any CPU
		{F3AF29E1-1E89-9B86-6ECC-5E65DB7A7980}.Release|Any CPU.ActiveCfg = Release|Any CPU
		{F3AF29E1-1E89-9B86-6ECC-5E65DB7A7980}.Release|Any CPU.Build.0 = Release|Any CPU
		{7DEC2F2F-B181-4C21-9DAF-14693FCA266A}.Debug|Any CPU.ActiveCfg = Debug|Any CPU
		{7DEC2F2F-B181-4C21-9DAF-14693FCA266A}.Debug|Any CPU.Build.0 = Debug|Any CPU
		{7DEC2F2F-B181-4C21-9DAF-14693FCA266A}.Release|Any CPU.ActiveCfg = Release|Any CPU
		{7DEC2F2F-B181-4C21-9DAF-14693FCA266A}.Release|Any CPU.Build.0 = Release|Any CPU
		{957FB7C6-DE20-1211-C804-B52EF98A44EA}.Debug|Any CPU.ActiveCfg = Debug|Any CPU
		{957FB7C6-DE20-1211-C804-B52EF98A44EA}.Debug|Any CPU.Build.0 = Debug|Any CPU
		{957FB7C6-DE20-1211-C804-B52EF98A44EA}.Release|Any CPU.ActiveCfg = Release|Any CPU
		{957FB7C6-DE20-1211-C804-B52EF98A44EA}.Release|Any CPU.Build.0 = Release|Any CPU
		{9BEF1E75-BF2A-AABF-4F14-0D6D499359EC}.Debug|Any CPU.ActiveCfg = Debug|Any CPU
		{9BEF1E75-BF2A-AABF-4F14-0D6D499359EC}.Debug|Any CPU.Build.0 = Debug|Any CPU
		{9BEF1E75-BF2A-AABF-4F14-0D6D499359EC}.Release|Any CPU.ActiveCfg = Release|Any CPU
		{9BEF1E75-BF2A-AABF-4F14-0D6D499359EC}.Release|Any CPU.Build.0 = Release|Any CPU
		{EC31EF90-D59C-91D6-2792-83E8FFC76524}.Debug|Any CPU.ActiveCfg = Debug|Any CPU
		{EC31EF90-D59C-91D6-2792-83E8FFC76524}.Debug|Any CPU.Build.0 = Debug|Any CPU
		{EC31EF90-D59C-91D6-2792-83E8FFC76524}.Release|Any CPU.ActiveCfg = Release|Any CPU
		{EC31EF90-D59C-91D6-2792-83E8FFC76524}.Release|Any CPU.Build.0 = Release|Any CPU
		{EA1D7FD7-7E53-4773-80F2-A46733587A77}.Debug|Any CPU.ActiveCfg = Debug|Any CPU
		{EA1D7FD7-7E53-4773-80F2-A46733587A77}.Debug|Any CPU.Build.0 = Debug|Any CPU
		{EA1D7FD7-7E53-4773-80F2-A46733587A77}.Release|Any CPU.ActiveCfg = Release|Any CPU
		{EA1D7FD7-7E53-4773-80F2-A46733587A77}.Release|Any CPU.Build.0 = Release|Any CPU
	EndGlobalSection
	GlobalSection(SolutionProperties) = preSolution
		HideSolutionNode = FALSE
	EndGlobalSection
	GlobalSection(NestedProjects) = preSolution
		{A2E63681-F7C0-4F65-1F86-9469F55D1A3E} = {02EA681E-C7D8-13C7-8484-4AC65E1B71E8}
		{02245834-D22D-B1AC-6BAE-F3FD6A2638B4} = {02EA681E-C7D8-13C7-8484-4AC65E1B71E8}
		{AB32DC86-CE51-F038-E831-92FC2F7A30DB} = {02EA681E-C7D8-13C7-8484-4AC65E1B71E8}
		{7C56F7D3-88D2-2B7B-21DD-32BBACD089F3} = {02EA681E-C7D8-13C7-8484-4AC65E1B71E8}
		{79F03B02-6EB1-D880-8A71-E3939B608757} = {02EA681E-C7D8-13C7-8484-4AC65E1B71E8}
		{BB5D0F3D-13C8-4297-894D-BE253AFF1643} = {66A041FC-3284-4631-B8A9-D5B33C0233DB}
		{A5037E83-AABD-43FB-AE57-8D4581AEDD22} = {66A041FC-3284-4631-B8A9-D5B33C0233DB}
		{8CAFFCBC-0C62-D524-D45A-B08DF5BC78C6} = {DDFE1203-A76F-415D-8F1E-2DE3BDE407DA}
		{493419C4-D1A6-A4DE-7062-F02E377E4D44} = {DDFE1203-A76F-415D-8F1E-2DE3BDE407DA}
		{B6B70721-DECA-7910-7466-8F174C175C3D} = {87C14855-6867-4C17-A0E7-769532FB3BD6}
		{A24C23AA-857C-E9C3-C0E0-B71294B8B190} = {87C14855-6867-4C17-A0E7-769532FB3BD6}
		{ABC83B78-4F3D-4621-AC46-A48D2F1023A7} = {87C14855-6867-4C17-A0E7-769532FB3BD6}
		{CE537EE3-F519-B95C-313D-B58E2D487131} = {87C14855-6867-4C17-A0E7-769532FB3BD6}
		{290FE22D-2E79-43D9-A16D-73DEE2A1AE15} = {87C14855-6867-4C17-A0E7-769532FB3BD6}
		{92B5C098-C297-4F7F-9387-8302A5D39178} = {87C14855-6867-4C17-A0E7-769532FB3BD6}
		{39AC0AA7-8279-4423-A3F7-B0D89C5B3AAE} = {C08851F1-EB5B-445A-9EDA-9F3AE51EDCEF}
		{BB121C40-02E7-D25D-7146-AF816C323521} = {C08851F1-EB5B-445A-9EDA-9F3AE51EDCEF}
		{D4B0E988-AC76-4419-BEDC-D14502C184FC} = {3FCC694A-8671-46A1-A80D-8AF6285575D3}
		{AD5CDD7F-1092-4836-9A29-CE03521DD136} = {3FCC694A-8671-46A1-A80D-8AF6285575D3}
		{7EDDA45F-22E4-7F76-A268-373B76171282} = {3FCC694A-8671-46A1-A80D-8AF6285575D3}
		{F2D1D27C-C2A5-87A8-2684-618C64AD01D2} = {3FCC694A-8671-46A1-A80D-8AF6285575D3}
		{3A8F59EC-83FE-C795-2677-037CDEBB1E28} = {3FCC694A-8671-46A1-A80D-8AF6285575D3}
		{CC1D3F78-DA73-4420-AC5E-C4F78D7E352F} = {E6980F4B-4B1D-4533-88CF-73C149229AE7}
		{7D8F92EB-7ACE-4BEE-BC80-CF56FA885664} = {E6980F4B-4B1D-4533-88CF-73C149229AE7}
		{251D428B-BA07-2A78-EDA3-FF4F2648ECDB} = {3A958975-3840-4D5D-B6A8-1168FDAE7CF6}
		{169FC982-B64F-793C-1ABF-1AD5F6BF0F13} = {3A958975-3840-4D5D-B6A8-1168FDAE7CF6}
		{B9A59EA4-074B-46A2-B2C6-E86B090223EF} = {69279EE8-231D-431B-80C3-6C27B8AEB3BC}
		{F3AF29E1-1E89-9B86-6ECC-5E65DB7A7980} = {69279EE8-231D-431B-80C3-6C27B8AEB3BC}
		{7DEC2F2F-B181-4C21-9DAF-14693FCA266A} = {D3DAE14F-5BF6-4181-A24F-3DA1FB3D7002}
		{957FB7C6-DE20-1211-C804-B52EF98A44EA} = {D3DAE14F-5BF6-4181-A24F-3DA1FB3D7002}
		{9BEF1E75-BF2A-AABF-4F14-0D6D499359EC} = {D3DAE14F-5BF6-4181-A24F-3DA1FB3D7002}
		{EC31EF90-D59C-91D6-2792-83E8FFC76524} = {D3DAE14F-5BF6-4181-A24F-3DA1FB3D7002}
	EndGlobalSection
	GlobalSection(ExtensibilityGlobals) = postSolution
		SolutionGuid = {59BD04BD-61A4-4625-85F7-C0B463F2F8F8}
	EndGlobalSection
EndGlobal
