
Microsoft Visual Studio Solution File, Format Version 12.00
# Visual Studio Version 17
VisualStudioVersion = 17.14.36518.9
MinimumVisualStudioVersion = 10.0.40219.1
Project("{FAE04EC0-301F-11D3-BF4B-00C04F79EFBC}") = "Module1_Task1_ConsoleApp", "Module1_Task1_ConsoleApp\Module1_Task1_ConsoleApp.csproj", "{22CEF9B3-B134-44E6-AD27-3970A08D08B5}"
EndProject
Project("{FAE04EC0-301F-11D3-BF4B-00C04F79EFBC}") = "Madule1_Task1_WinFormsApp", "Madule1_Task1_WinFormsApp\Madule1_Task1_WinFormsApp.csproj", "{492FFF40-13B5-4628-8F34-C34E6180EE7C}"
EndProject
Project("{FAE04EC0-301F-11D3-BF4B-00C04F79EFBC}") = "Madule1_Task1_WPF", "Madule1_Task1_WPF\Madule1_Task1_WPF.csproj", "{9768D1EA-0953-4D64-9A40-ECB5CFD7FB2C}"
EndProject
Project("{FAE04EC0-301F-11D3-BF4B-00C04F79EFBC}") = "Madule1_Task1_ClassLibrary", "Madule1_Task1_ClassLibrary\Madule1_Task1_ClassLibrary.csproj", "{EB16D26E-09CC-426C-BDA7-6145F8165E43}"
EndProject
Project("{FAE04EC0-301F-11D3-BF4B-00C04F79EFBC}") = "Module2_Task1", "Module2_Task1\Module2_Task1.csproj", "{927ECA94-8D75-D895-C3A4-9BC8242E2C1F}"
EndProject
Project("{FAE04EC0-301F-11D3-BF4B-00C04F79EFBC}") = "Module2_Task1.Tests", "Module2_Task1.Tests\Module2_Task1.Tests.csproj", "{C3EB2BC9-187F-0628-C2CA-4081AB2E588B}"
EndProject
Project("{FAE04EC0-301F-11D3-BF4B-00C04F79EFBC}") = "Module3_ClassLibrary", "Module3\Module3_ClassLibrary.csproj", "{1966029A-B569-48F3-BDCD-6423C48C04C9}"
EndProject
Project("{FAE04EC0-301F-11D3-BF4B-00C04F79EFBC}") = "Module3_ClassLibrary.Tests", "Module3_ClassLibrary.Tests\Module3_ClassLibrary.Tests.csproj", "{F04ECCD4-AA55-46E0-9D65-0169AB753B3C}"
EndProject
Project("{2150E333-8FDC-42A3-9474-1A3956D46DE8}") = "Module-4", "Module-4", "{02EA681E-C7D8-13C7-8484-4AC65E1B71E8}"
EndProject
Project("{FAE04EC0-301F-11D3-BF4B-00C04F79EFBC}") = "Task1", "Module-4\Task1\Task1.csproj", "{A2E63681-F7C0-4F65-1F86-9469F55D1A3E}"
EndProject
Project("{FAE04EC0-301F-11D3-BF4B-00C04F79EFBC}") = "Task2", "Module-4\Task2\Task2.csproj", "{02245834-D22D-B1AC-6BAE-F3FD6A2638B4}"
EndProject
Project("{FAE04EC0-301F-11D3-BF4B-00C04F79EFBC}") = "Task2.Tests", "Module-4\Task2.Tests\Task2.Tests.csproj", "{AB32DC86-CE51-F038-E831-92FC2F7A30DB}"
EndProject
Project("{FAE04EC0-301F-11D3-BF4B-00C04F79EFBC}") = "Task3", "Module-4\Task3\Task3.csproj", "{7C56F7D3-88D2-2B7B-21DD-32BBACD089F3}"
EndProject
Project("{FAE04EC0-301F-11D3-BF4B-00C04F79EFBC}") = "Task3.Tests", "Module-4\Task3.Tests\Task3.Tests.csproj", "{79F03B02-6EB1-D880-8A71-E3939B608757}"
EndProject
Global
	GlobalSection(SolutionConfigurationPlatforms) = preSolution
		Debug|Any CPU = Debug|Any CPU
		Release|Any CPU = Release|Any CPU
	EndGlobalSection
	GlobalSection(ProjectConfigurationPlatforms) = postSolution
		{22CEF9B3-B134-44E6-AD27-3970A08D08B5}.Debug|Any CPU.ActiveCfg = Debug|Any CPU
		{22CEF9B3-B134-44E6-AD27-3970A08D08B5}.Debug|Any CPU.Build.0 = Debug|Any CPU
		{22CEF9B3-B134-44E6-AD27-3970A08D08B5}.Release|Any CPU.ActiveCfg = Release|Any CPU
		{22CEF9B3-B134-44E6-AD27-3970A08D08B5}.Release|Any CPU.Build.0 = Release|Any CPU
		{492FFF40-13B5-4628-8F34-C34E6180EE7C}.Debug|Any CPU.ActiveCfg = Debug|Any CPU
		{492FFF40-13B5-4628-8F34-C34E6180EE7C}.Debug|Any CPU.Build.0 = Debug|Any CPU
		{492FFF40-13B5-4628-8F34-C34E6180EE7C}.Release|Any CPU.ActiveCfg = Release|Any CPU
		{492FFF40-13B5-4628-8F34-C34E6180EE7C}.Release|Any CPU.Build.0 = Release|Any CPU
		{9768D1EA-0953-4D64-9A40-ECB5CFD7FB2C}.Debug|Any CPU.ActiveCfg = Debug|Any CPU
		{9768D1EA-0953-4D64-9A40-ECB5CFD7FB2C}.Debug|Any CPU.Build.0 = Debug|Any CPU
		{9768D1EA-0953-4D64-9A40-ECB5CFD7FB2C}.Release|Any CPU.ActiveCfg = Release|Any CPU
		{9768D1EA-0953-4D64-9A40-ECB5CFD7FB2C}.Release|Any CPU.Build.0 = Release|Any CPU
		{EB16D26E-09CC-426C-BDA7-6145F8165E43}.Debug|Any CPU.ActiveCfg = Debug|Any CPU
		{EB16D26E-09CC-426C-BDA7-6145F8165E43}.Debug|Any CPU.Build.0 = Debug|Any CPU
		{EB16D26E-09CC-426C-BDA7-6145F8165E43}.Release|Any CPU.ActiveCfg = Release|Any CPU
		{EB16D26E-09CC-426C-BDA7-6145F8165E43}.Release|Any CPU.Build.0 = Release|Any CPU
		{927ECA94-8D75-D895-C3A4-9BC8242E2C1F}.Debug|Any CPU.ActiveCfg = Debug|Any CPU
		{927ECA94-8D75-D895-C3A4-9BC8242E2C1F}.Debug|Any CPU.Build.0 = Debug|Any CPU
		{927ECA94-8D75-D895-C3A4-9BC8242E2C1F}.Release|Any CPU.ActiveCfg = Release|Any CPU
		{927ECA94-8D75-D895-C3A4-9BC8242E2C1F}.Release|Any CPU.Build.0 = Release|Any CPU
		{C3EB2BC9-187F-0628-C2CA-4081AB2E588B}.Debug|Any CPU.ActiveCfg = Debug|Any CPU
		{C3EB2BC9-187F-0628-C2CA-4081AB2E588B}.Debug|Any CPU.Build.0 = Debug|Any CPU
		{C3EB2BC9-187F-0628-C2CA-4081AB2E588B}.Release|Any CPU.ActiveCfg = Release|Any CPU
		{C3EB2BC9-187F-0628-C2CA-4081AB2E588B}.Release|Any CPU.Build.0 = Release|Any CPU
		{1966029A-B569-48F3-BDCD-6423C48C04C9}.Debug|Any CPU.ActiveCfg = Debug|Any CPU
		{1966029A-B569-48F3-BDCD-6423C48C04C9}.Debug|Any CPU.Build.0 = Debug|Any CPU
		{1966029A-B569-48F3-BDCD-6423C48C04C9}.Release|Any CPU.ActiveCfg = Release|Any CPU
		{1966029A-B569-48F3-BDCD-6423C48C04C9}.Release|Any CPU.Build.0 = Release|Any CPU
		{F04ECCD4-AA55-46E0-9D65-0169AB753B3C}.Debug|Any CPU.ActiveCfg = Debug|Any CPU
		{F04ECCD4-AA55-46E0-9D65-0169AB753B3C}.Debug|Any CPU.Build.0 = Debug|Any CPU
		{F04ECCD4-AA55-46E0-9D65-0169AB753B3C}.Release|Any CPU.ActiveCfg = Release|Any CPU
		{F04ECCD4-AA55-46E0-9D65-0169AB753B3C}.Release|Any CPU.Build.0 = Release|Any CPU
		{A2E63681-F7C0-4F65-1F86-9469F55D1A3E}.Debug|Any CPU.ActiveCfg = Debug|Any CPU
		{A2E63681-F7C0-4F65-1F86-9469F55D1A3E}.Debug|Any CPU.Build.0 = Debug|Any CPU
		{A2E63681-F7C0-4F65-1F86-9469F55D1A3E}.Release|Any CPU.ActiveCfg = Release|Any CPU
		{A2E63681-F7C0-4F65-1F86-9469F55D1A3E}.Release|Any CPU.Build.0 = Release|Any CPU
		{02245834-D22D-B1AC-6BAE-F3FD6A2638B4}.Debug|Any CPU.ActiveCfg = Debug|Any CPU
		{02245834-D22D-B1AC-6BAE-F3FD6A2638B4}.Debug|Any CPU.Build.0 = Debug|Any CPU
		{02245834-D22D-B1AC-6BAE-F3FD6A2638B4}.Release|Any CPU.ActiveCfg = Release|Any CPU
		{02245834-D22D-B1AC-6BAE-F3FD6A2638B4}.Release|Any CPU.Build.0 = Release|Any CPU
		{AB32DC86-CE51-F038-E831-92FC2F7A30DB}.Debug|Any CPU.ActiveCfg = Debug|Any CPU
		{AB32DC86-CE51-F038-E831-92FC2F7A30DB}.Debug|Any CPU.Build.0 = Debug|Any CPU
		{AB32DC86-CE51-F038-E831-92FC2F7A30DB}.Release|Any CPU.ActiveCfg = Release|Any CPU
		{AB32DC86-CE51-F038-E831-92FC2F7A30DB}.Release|Any CPU.Build.0 = Release|Any CPU
		{7C56F7D3-88D2-2B7B-21DD-32BBACD089F3}.Debug|Any CPU.ActiveCfg = Debug|Any CPU
		{7C56F7D3-88D2-2B7B-21DD-32BBACD089F3}.Debug|Any CPU.Build.0 = Debug|Any CPU
		{7C56F7D3-88D2-2B7B-21DD-32BBACD089F3}.Release|Any CPU.ActiveCfg = Release|Any CPU
		{7C56F7D3-88D2-2B7B-21DD-32BBACD089F3}.Release|Any CPU.Build.0 = Release|Any CPU
		{79F03B02-6EB1-D880-8A71-E3939B608757}.Debug|Any CPU.ActiveCfg = Debug|Any CPU
		{79F03B02-6EB1-D880-8A71-E3939B608757}.Debug|Any CPU.Build.0 = Debug|Any CPU
		{79F03B02-6EB1-D880-8A71-E3939B608757}.Release|Any CPU.ActiveCfg = Release|Any CPU
		{79F03B02-6EB1-D880-8A71-E3939B608757}.Release|Any CPU.Build.0 = Release|Any CPU
	EndGlobalSection
	GlobalSection(SolutionProperties) = preSolution
		HideSolutionNode = FALSE
	EndGlobalSection
	GlobalSection(NestedProjects) = preSolution
		{A2E63681-F7C0-4F65-1F86-9469F55D1A3E} = {02EA681E-C7D8-13C7-8484-4AC65E1B71E8}
		{02245834-D22D-B1AC-6BAE-F3FD6A2638B4} = {02EA681E-C7D8-13C7-8484-4AC65E1B71E8}
		{AB32DC86-CE51-F038-E831-92FC2F7A30DB} = {02EA681E-C7D8-13C7-8484-4AC65E1B71E8}
		{7C56F7D3-88D2-2B7B-21DD-32BBACD089F3} = {02EA681E-C7D8-13C7-8484-4AC65E1B71E8}
		{79F03B02-6EB1-D880-8A71-E3939B608757} = {02EA681E-C7D8-13C7-8484-4AC65E1B71E8}
	EndGlobalSection
	GlobalSection(ExtensibilityGlobals) = postSolution
		SolutionGuid = {59BD04BD-61A4-4625-85F7-C0B463F2F8F8}
	EndGlobalSection
EndGlobal
